
Microsoft Visual Studio Solution File, Format Version 12.00
# Visual Studio Version 16
VisualStudioVersion = 16.0.31702.278
MinimumVisualStudioVersion = 10.0.40219.1
Project("{FAE04EC0-301F-11D3-BF4B-00C04F79EFBC}") = "TableauExercice2_Cor", "TableauExercice2_Cor.csproj", "{D7932ADF-2994-4096-A2C0-3CCD19269A25}"
EndProject
Global
	GlobalSection(SolutionConfigurationPlatforms) = preSolution
		Debug|Any CPU = Debug|Any CPU
		Release|Any CPU = Release|Any CPU
	EndGlobalSection
	GlobalSection(ProjectConfigurationPlatforms) = postSolution
		{D7932ADF-2994-4096-A2C0-3CCD19269A25}.Debug|Any CPU.ActiveCfg = Debug|Any CPU
		{D7932ADF-2994-4096-A2C0-3CCD19269A25}.Debug|Any CPU.Build.0 = Debug|Any CPU
		{D7932ADF-2994-4096-A2C0-3CCD19269A25}.Release|Any CPU.ActiveCfg = Release|Any CPU
		{D7932ADF-2994-4096-A2C0-3CCD19269A25}.Release|Any CPU.Build.0 = Release|Any CPU
	EndGlobalSection
	GlobalSection(SolutionProperties) = preSolution
		HideSolutionNode = FALSE
	EndGlobalSection
	GlobalSection(ExtensibilityGlobals) = postSolution
		SolutionGuid = {EE4F7391-F24A-4A25-AC23-3946F9A5D200}
	EndGlobalSection
EndGlobal
